
Microsoft Visual Studio Solution File, Format Version 12.00
# Visual Studio Version 17
VisualStudioVersion = 17.13.35919.96
MinimumVisualStudioVersion = 10.0.40219.1
Project("{FAE04EC0-301F-11D3-BF4B-00C04F79EFBC}") = "DDoSAttack", "DDoSAttack.csproj", "{57F9E30E-6301-409F-8EEB-3F3D2D954158}"
EndProject
Global
	GlobalSection(SolutionConfigurationPlatforms) = preSolution
		Debug|Any CPU = Debug|Any CPU
		Release|Any CPU = Release|Any CPU
	EndGlobalSection
	GlobalSection(ProjectConfigurationPlatforms) = postSolution
		{57F9E30E-6301-409F-8EEB-3F3D2D954158}.Debug|Any CPU.ActiveCfg = Debug|Any CPU
		{57F9E30E-6301-409F-8EEB-3F3D2D954158}.Debug|Any CPU.Build.0 = Debug|Any CPU
		{57F9E30E-6301-409F-8EEB-3F3D2D954158}.Release|Any CPU.ActiveCfg = Release|Any CPU
		{57F9E30E-6301-409F-8EEB-3F3D2D954158}.Release|Any CPU.Build.0 = Release|Any CPU
	EndGlobalSection
	GlobalSection(SolutionProperties) = preSolution
		HideSolutionNode = FALSE
	EndGlobalSection
	GlobalSection(ExtensibilityGlobals) = postSolution
		SolutionGuid = {EDC7E236-E621-4E2F-A502-8705034934AB}
	EndGlobalSection
EndGlobal
